
Microsoft Visual Studio Solution File, Format Version 12.00
# Visual Studio Version 17
VisualStudioVersion = 17.5.33516.290
MinimumVisualStudioVersion = 10.0.40219.1
Project("{778DAE3C-4631-46EA-AA77-85C1314464D9}") = "CRUD", "CRUD\CRUD.vbproj", "{2C3D6CA7-DAF1-499B-AE45-6B812F339A12}"
EndProject
Project("{54435603-DBB4-11D2-8724-00A0C9A8B90C}") = "CRUD- Desktop", "CRUD- Desktop\CRUD- Desktop.vdproj", "{6CDB8C1D-2014-44C4-B708-5F57F9257658}"
EndProject
Global
	GlobalSection(SolutionConfigurationPlatforms) = preSolution
		Debug|Any CPU = Debug|Any CPU
		Release|Any CPU = Release|Any CPU
	EndGlobalSection
	GlobalSection(ProjectConfigurationPlatforms) = postSolution
		{2C3D6CA7-DAF1-499B-AE45-6B812F339A12}.Debug|Any CPU.ActiveCfg = Debug|Any CPU
		{2C3D6CA7-DAF1-499B-AE45-6B812F339A12}.Debug|Any CPU.Build.0 = Debug|Any CPU
		{2C3D6CA7-DAF1-499B-AE45-6B812F339A12}.Release|Any CPU.ActiveCfg = Release|Any CPU
		{2C3D6CA7-DAF1-499B-AE45-6B812F339A12}.Release|Any CPU.Build.0 = Release|Any CPU
		{6CDB8C1D-2014-44C4-B708-5F57F9257658}.Debug|Any CPU.ActiveCfg = Debug
		{6CDB8C1D-2014-44C4-B708-5F57F9257658}.Release|Any CPU.ActiveCfg = Release
	EndGlobalSection
	GlobalSection(SolutionProperties) = preSolution
		HideSolutionNode = FALSE
	EndGlobalSection
	GlobalSection(ExtensibilityGlobals) = postSolution
		SolutionGuid = {E71D77AD-21B1-4F99-93B8-5044D6613DA2}
	EndGlobalSection
EndGlobal
